
Microsoft Visual Studio Solution File, Format Version 12.00
# Visual Studio Version 17
VisualStudioVersion = 17.12.35521.163 d17.12
MinimumVisualStudioVersion = 10.0.40219.1
Project("{FAE04EC0-301F-11D3-BF4B-00C04F79EFBC}") = "Application_Examen", "Application_Examen.csproj", "{09175873-DF39-41BE-823A-E01B96A59BEA}"
EndProject
Global
	GlobalSection(SolutionConfigurationPlatforms) = preSolution
		Debug|Any CPU = Debug|Any CPU
		Release|Any CPU = Release|Any CPU
	EndGlobalSection
	GlobalSection(ProjectConfigurationPlatforms) = postSolution
		{09175873-DF39-41BE-823A-E01B96A59BEA}.Debug|Any CPU.ActiveCfg = Debug|Any CPU
		{09175873-DF39-41BE-823A-E01B96A59BEA}.Debug|Any CPU.Build.0 = Debug|Any CPU
		{09175873-DF39-41BE-823A-E01B96A59BEA}.Release|Any CPU.ActiveCfg = Release|Any CPU
		{09175873-DF39-41BE-823A-E01B96A59BEA}.Release|Any CPU.Build.0 = Release|Any CPU
	EndGlobalSection
	GlobalSection(SolutionProperties) = preSolution
		HideSolutionNode = FALSE
	EndGlobalSection
EndGlobal
